
Microsoft Visual Studio Solution File, Format Version 12.00
# Visual Studio Version 17
VisualStudioVersion = 17.6.33723.286
MinimumVisualStudioVersion = 10.0.40219.1
Project("{F184B08F-C81C-45F6-A57F-5ABD9991F28F}") = "ericajane", "ericajane\ericajane.vbproj", "{CD214F93-95BC-4000-87EB-066CF098456B}"
EndProject
Global
	GlobalSection(SolutionConfigurationPlatforms) = preSolution
		Debug|Any CPU = Debug|Any CPU
		Release|Any CPU = Release|Any CPU
	EndGlobalSection
	GlobalSection(ProjectConfigurationPlatforms) = postSolution
		{CD214F93-95BC-4000-87EB-066CF098456B}.Debug|Any CPU.ActiveCfg = Debug|Any CPU
		{CD214F93-95BC-4000-87EB-066CF098456B}.Debug|Any CPU.Build.0 = Debug|Any CPU
		{CD214F93-95BC-4000-87EB-066CF098456B}.Release|Any CPU.ActiveCfg = Release|Any CPU
		{CD214F93-95BC-4000-87EB-066CF098456B}.Release|Any CPU.Build.0 = Release|Any CPU
	EndGlobalSection
	GlobalSection(SolutionProperties) = preSolution
		HideSolutionNode = FALSE
	EndGlobalSection
	GlobalSection(ExtensibilityGlobals) = postSolution
		SolutionGuid = {BB48D0EB-C66A-408E-86B9-9FA89E32DAAE}
	EndGlobalSection
EndGlobal
